// !$*UTF8*$!
{
	archiveVersion = 1;
	classes = {
	};
	objectVersion = 46;
	objects = {

/* Begin PBXBuildFile section */
		34E722051D4A53800089B272 /* AppDelegate.swift in Sources */ = {isa = PBXBuildFile; fileRef = 34E722041D4A53800089B272 /* AppDelegate.swift */; };
		34E722071D4A53800089B272 /* ViewController.swift in Sources */ = {isa = PBXBuildFile; fileRef = 34E722061D4A53800089B272 /* ViewController.swift */; };
		34E7220A1D4A53800089B272 /* Main.storyboard in Resources */ = {isa = PBXBuildFile; fileRef = 34E722081D4A53800089B272 /* Main.storyboard */; };
		34E7220C1D4A53800089B272 /* Assets.xcassets in Resources */ = {isa = PBXBuildFile; fileRef = 34E7220B1D4A53800089B272 /* Assets.xcassets */; };
		34E7220F1D4A53800089B272 /* LaunchScreen.storyboard in Resources */ = {isa = PBXBuildFile; fileRef = 34E7220D1D4A53800089B272 /* LaunchScreen.storyboard */; };
		34E722181D4A54F30089B272 /* CloudKit.framework in Frameworks */ = {isa = PBXBuildFile; fileRef = 34E722171D4A54F30089B272 /* CloudKit.framework */; };
/* End PBXBuildFile section */

/* Begin PBXFileReference section */
		34E722011D4A53800089B272 /* TacoStandCloudKit.app */ = {isa = PBXFileReference; explicitFileType = wrapper.application; includeInIndex = 0; path = TacoStandCloudKit.app; sourceTree = BUILT_PRODUCTS_DIR; };
		34E722041D4A53800089B272 /* AppDelegate.swift */ = {isa = PBXFileReference; lastKnownFileType = sourcecode.swift; path = AppDelegate.swift; sourceTree = "<group>"; };
		34E722061D4A53800089B272 /* ViewController.swift */ = {isa = PBXFileReference; lastKnownFileType = sourcecode.swift; path = ViewController.swift; sourceTree = "<group>"; };
		34E722091D4A53800089B272 /* Base */ = {isa = PBXFileReference; lastKnownFileType = file.storyboard; name = Base; path = Base.lproj/Main.storyboard; sourceTree = "<group>"; };
		34E7220B1D4A53800089B272 /* Assets.xcassets */ = {isa = PBXFileReference; lastKnownFileType = folder.assetcatalog; path = Assets.xcassets; sourceTree = "<group>"; };
		34E7220E1D4A53800089B272 /* Base */ = {isa = PBXFileReference; lastKnownFileType = file.storyboard; name = Base; path = Base.lproj/LaunchScreen.storyboard; sourceTree = "<group>"; };
		34E722101D4A53800089B272 /* Info.plist */ = {isa = PBXFileReference; lastKnownFileType = text.plist.xml; path = Info.plist; sourceTree = "<group>"; };
		34E722161D4A53BF0089B272 /* TacoStandCloudKit.entitlements */ = {isa = PBXFileReference; lastKnownFileType = text.xml; path = TacoStandCloudKit.entitlements; sourceTree = "<group>"; };
		34E722171D4A54F30089B272 /* CloudKit.framework */ = {isa = PBXFileReference; lastKnownFileType = wrapper.framework; name = CloudKit.framework; path = System/Library/Frameworks/CloudKit.framework; sourceTree = SDKROOT; };
/* End PBXFileReference section */

/* Begin PBXFrameworksBuildPhase section */
		34E721FE1D4A53800089B272 /* Frameworks */ = {
			isa = PBXFrameworksBuildPhase;
			buildActionMask = 2147483647;
			files = (
				34E722181D4A54F30089B272 /* CloudKit.framework in Frameworks */,
			);
			runOnlyForDeploymentPostprocessing = 0;
		};
/* End PBXFrameworksBuildPhase section */

/* Begin PBXGroup section */
		34E721F81D4A53800089B272 = {
			isa = PBXGroup;
			children = (
				34E722171D4A54F30089B272 /* CloudKit.framework */,
				34E722031D4A53800089B272 /* TacoStandCloudKit */,
				34E722021D4A53800089B272 /* Products */,
			);
			sourceTree = "<group>";
		};
		34E722021D4A53800089B272 /* Products */ = {
			isa = PBXGroup;
			children = (
				34E722011D4A53800089B272 /* TacoStandCloudKit.app */,
			);
			name = Products;
			sourceTree = "<group>";
		};
		34E722031D4A53800089B272 /* TacoStandCloudKit */ = {
			isa = PBXGroup;
			children = (
				34E722161D4A53BF0089B272 /* TacoStandCloudKit.entitlements */,
				34E722041D4A53800089B272 /* AppDelegate.swift */,
				34E722061D4A53800089B272 /* ViewController.swift */,
				34E722081D4A53800089B272 /* Main.storyboard */,
				34E7220B1D4A53800089B272 /* Assets.xcassets */,
				34E7220D1D4A53800089B272 /* LaunchScreen.storyboard */,
				34E722101D4A53800089B272 /* Info.plist */,
			);
			path = TacoStandCloudKit;
			sourceTree = "<group>";
		};
/* End PBXGroup section */

/* Begin PBXNativeTarget section */
		34E722001D4A53800089B272 /* TacoStandCloudKit */ = {
			isa = PBXNativeTarget;
			buildConfigurationList = 34E722131D4A53800089B272 /* Build configuration list for PBXNativeTarget "TacoStandCloudKit" */;
			buildPhases = (
				34E721FD1D4A53800089B272 /* Sources */,
				34E721FE1D4A53800089B272 /* Frameworks */,
				34E721FF1D4A53800089B272 /* Resources */,
			);
			buildRules = (
			);
			dependencies = (
			);
			name = TacoStandCloudKit;
			productName = TacoStandCloudKit;
			productReference = 34E722011D4A53800089B272 /* TacoStandCloudKit.app */;
			productType = "com.apple.product-type.application";
		};
/* End PBXNativeTarget section */

/* Begin PBXProject section */
		34E721F91D4A53800089B272 /* Project object */ = {
			isa = PBXProject;
			attributes = {
				LastSwiftUpdateCheck = 0730;
				LastUpgradeCheck = 0730;
				ORGANIZATIONNAME = "Mohammad Azam";
				TargetAttributes = {
					34E722001D4A53800089B272 = {
						CreatedOnToolsVersion = 7.3.1;
						DevelopmentTeam = B2Q8EGNCQA;
						SystemCapabilities = {
							com.apple.iCloud = {
								enabled = 1;
							};
						};
					};
				};
			};
			buildConfigurationList = 34E721FC1D4A53800089B272 /* Build configuration list for PBXProject "TacoStandCloudKit" */;
			compatibilityVersion = "Xcode 3.2";
			developmentRegion = English;
			hasScannedForEncodings = 0;
			knownRegions = (
				en,
				Base,
			);
			mainGroup = 34E721F81D4A53800089B272;
			productRefGroup = 34E722021D4A53800089B272 /* Products */;
			projectDirPath = "";
			projectRoot = "";
			targets = (
				34E722001D4A53800089B272 /* TacoStandCloudKit */,
			);
		};
/* End PBXProject section */

/* Begin PBXResourcesBuildPhase section */
		34E721FF1D4A53800089B272 /* Resources */ = {
			isa = PBXResourcesBuildPhase;
			buildActionMask = 2147483647;
			files = (
				34E7220F1D4A53800089B272 /* LaunchScreen.storyboard in Resources */,
				34E7220C1D4A53800089B272 /* Assets.xcassets in Resources */,
				34E7220A1D4A53800089B272 /* Main.storyboard in Resources */,
			);
			runOnlyForDeploymentPostprocessing = 0;
		};
/* End PBXResourcesBuildPhase section */

/* Begin PBXSourcesBuildPhase section */
		34E721FD1D4A53800089B272 /* Sources */ = {
			isa = PBXSourcesBuildPhase;
			buildActionMask = 2147483647;
			files = (
				34E722071D4A53800089B272 /* ViewController.swift in Sources */,
				34E722051D4A53800089B272 /* AppDelegate.swift in Sources */,
			);
			runOnlyForDeploymentPostprocessing = 0;
		};
/* End PBXSourcesBuildPhase section */

/* Begin PBXVariantGroup section */
		34E722081D4A53800089B272 /* Main.storyboard */ = {
			isa = PBXVariantGroup;
			children = (
				34E722091D4A53800089B272 /* Base */,
			);
			name = Main.storyboard;
			sourceTree = "<group>";
		};
		34E7220D1D4A53800089B272 /* LaunchScreen.storyboard */ = {
			isa = PBXVariantGroup;
			children = (
				34E7220E1D4A53800089B272 /* Base */,
			);
			name = LaunchScreen.storyboard;
			sourceTree = "<group>";
		};
/* End PBXVariantGroup section */

/* Begin XCBuildConfiguration section */
		34E722111D4A53800089B272 /* Debug */ = {
			isa = XCBuildConfiguration;
			buildSettings = {
				ALWAYS_SEARCH_USER_PATHS = NO;
				CLANG_ANALYZER_NONNULL = YES;
				CLANG_CXX_LANGUAGE_STANDARD = "gnu++0x";
				CLANG_CXX_LIBRARY = "libc++";
				CLANG_ENABLE_MODULES = YES;
				CLANG_ENABLE_OBJC_ARC = YES;
				CLANG_WARN_BOOL_CONVERSION = YES;
				CLANG_WARN_CONSTANT_CONVERSION = YES;
				CLANG_WARN_DIRECT_OBJC_ISA_USAGE = YES_ERROR;
				CLANG_WARN_EMPTY_BODY = YES;
				CLANG_WARN_ENUM_CONVERSION = YES;
				CLANG_WARN_INT_CONVERSION = YES;
				CLANG_WARN_OBJC_ROOT_CLASS = YES_ERROR;
				CLANG_WARN_UNREACHABLE_CODE = YES;
				CLANG_WARN__DUPLICATE_METHOD_MATCH = YES;
				"CODE_SIGN_IDENTITY[sdk=iphoneos*]" = "iPhone Developer";
				COPY_PHASE_STRIP = NO;
				DEBUG_INFORMATION_FORMAT = dwarf;
				ENABLE_STRICT_OBJC_MSGSEND = YES;
				ENABLE_TESTABILITY = YES;
				GCC_C_LANGUAGE_STANDARD = gnu99;
				GCC_DYNAMIC_NO_PIC = NO;
				GCC_NO_COMMON_BLOCKS = YES;
				GCC_OPTIMIZATION_LEVEL = 0;
				GCC_PREPROCESSOR_DEFINITIONS = (
					"DEBUG=1",
					"$(inherited)",
				);
				GCC_WARN_64_TO_32_BIT_CONVERSION = YES;
				GCC_WARN_ABOUT_RETURN_TYPE = YES_ERROR;
				GCC_WARN_UNDECLARED_SELECTOR = YES;
				GCC_WARN_UNINITIALIZED_AUTOS = YES_AGGRESSIVE;
				GCC_WARN_UNUSED_FUNCTION = YES;
				GCC_WARN_UNUSED_VARIABLE = YES;
				IPHONEOS_DEPLOYMENT_TARGET = 9.3;
				MTL_ENABLE_DEBUG_INFO = YES;
				ONLY_ACTIVE_ARCH = YES;
				SDKROOT = iphoneos;
				SWIFT_OPTIMIZATION_LEVEL = "-Onone";
				TARGETED_DEVICE_FAMILY = "1,2";
			};
			name = Debug;
		};
		34E722121D4A53800089B272 /* Release */ = {
			isa = XCBuildConfiguration;
			buildSettings = {
				ALWAYS_SEARCH_USER_PATHS = NO;
				CLANG_ANALYZER_NONNULL = YES;
				CLANG_CXX_LANGUAGE_STANDARD = "gnu++0x";
				CLANG_CXX_LIBRARY = "libc++";
				CLANG_ENABLE_MODULES = YES;
				CLANG_ENABLE_OBJC_ARC = YES;
				CLANG_WARN_BOOL_CONVERSION = YES;
				CLANG_WARN_CONSTANT_CONVERSION = YES;
				CLANG_WARN_DIRECT_OBJC_ISA_USAGE = YES_ERROR;
				CLANG_WARN_EMPTY_BODY = YES;
				CLANG_WARN_ENUM_CONVERSION = YES;
				CLANG_WARN_INT_CONVERSION = YES;
				CLANG_WARN_OBJC_ROOT_CLASS = YES_ERROR;
				CLANG_WARN_UNREACHABLE_CODE = YES;
				CLANG_WARN__DUPLICATE_METHOD_MATCH = YES;
				"CODE_SIGN_IDENTITY[sdk=iphoneos*]" = "iPhone Developer";
				COPY_PHASE_STRIP = NO;
				DEBUG_INFORMATION_FORMAT = "dwarf-with-dsym";
				ENABLE_NS_ASSERTIONS = NO;
				ENABLE_STRICT_OBJC_MSGSEND = YES;
				GCC_C_LANGUAGE_STANDARD = gnu99;
				GCC_NO_COMMON_BLOCKS = YES;
				GCC_WARN_64_TO_32_BIT_CONVERSION = YES;
				GCC_WARN_ABOUT_RETURN_TYPE = YES_ERROR;
				GCC_WARN_UNDECLARED_SELECTOR = YES;
				GCC_WARN_UNINITIALIZED_AUTOS = YES_AGGRESSIVE;
				GCC_WARN_UNUSED_FUNCTION = YES;
				GCC_WARN_UNUSED_VARIABLE = YES;
				IPHONEOS_DEPLOYMENT_TARGET = 9.3;
				MTL_ENABLE_DEBUG_INFO = NO;
				SDKROOT = iphoneos;
				TARGETED_DEVICE_FAMILY = "1,2";
				VALIDATE_PRODUCT = YES;
			};
			name = Release;
		};
		34E722141D4A53800089B272 /* Debug */ = {
			isa = XCBuildConfiguration;
			buildSettings = {
				ASSETCATALOG_COMPILER_APPICON_NAME = AppIcon;
				CODE_SIGN_ENTITLEMENTS = TacoStandCloudKit/TacoStandCloudKit.entitlements;
				INFOPLIST_FILE = TacoStandCloudKit/Info.plist;
				LD_RUNPATH_SEARCH_PATHS = "$(inherited) @executable_path/Frameworks";
				PRODUCT_BUNDLE_IDENTIFIER = com.azamsharp.TacoStandCloudKit;
				PRODUCT_NAME = "$(TARGET_NAME)";
			};
			name = Debug;
		};
		34E722151D4A53800089B272 /* Release */ = {
			isa = XCBuildConfiguration;
			buildSettings = {
				ASSETCATALOG_COMPILER_APPICON_NAME = AppIcon;
				CODE_SIGN_ENTITLEMENTS = TacoStandCloudKit/TacoStandCloudKit.entitlements;
				INFOPLIST_FILE = TacoStandCloudKit/Info.plist;
				LD_RUNPATH_SEARCH_PATHS = "$(inherited) @executable_path/Frameworks";
				PRODUCT_BUNDLE_IDENTIFIER = com.azamsharp.TacoStandCloudKit;
				PRODUCT_NAME = "$(TARGET_NAME)";
			};
			name = Release;
		};
/* End XCBuildConfiguration section */

/* Begin XCConfigurationList section */
		34E721FC1D4A53800089B272 /* Build configuration list for PBXProject "TacoStandCloudKit" */ = {
			isa = XCConfigurationList;
			buildConfigurations = (
				34E722111D4A53800089B272 /* Debug */,
				34E722121D4A53800089B272 /* Release */,
			);
			defaultConfigurationIsVisible = 0;
			defaultConfigurationName = Release;
		};
		34E722131D4A53800089B272 /* Build configuration list for PBXNativeTarget "TacoStandCloudKit" */ = {
			isa = XCConfigurationList;
			buildConfigurations = (
				34E722141D4A53800089B272 /* Debug */,
				34E722151D4A53800089B272 /* Release */,
			);
			defaultConfigurationIsVisible = 0;
		};
/* End XCConfigurationList section */
	};
	rootObject = 34E721F91D4A53800089B272 /* Project object */;
}
